{
  "version": 4,
  "terraform_version": "1.6.6",
  "serial": 17,
  "lineage": "18180689-b190-ab83-29a5-4b3018d5a731",
  "outputs": {
    "lambda_function_arn": {
      "value": "arn:aws:lambda:eu-central-1:432180781943:function:aws-cost-report",
      "type": "string"
    },
    "lambda_function_name": {
      "value": "aws-cost-report",
      "type": "string"
    },
    "schedule_expression": {
      "value": "cron(0 21 ? * SUN *)",
      "type": "string"
    },
    "sns_topic_arn": {
      "value": "arn:aws:sns:eu-central-1:432180781943:aws-cost-report-topic",
      "type": "string"
    }
  },
  "resources": [
    {
      "module": "module.cost_report_lambda",
      "mode": "data",
      "type": "archive_file",
      "name": "lambda_zip",
      "provider": "provider[\"registry.terraform.io/hashicorp/archive\"]",
      "instances": [
        {
          "schema_version": 0,
          "attributes": {
            "exclude_symlink_directories": null,
            "excludes": null,
            "id": "7425389fef60f4a9e08b5b5a450199d766c45693",
            "output_base64sha256": "Z7kRZDvLojCl+gDa8Q7jg2kn670NqEdJCdQUbKf89sA=",
            "output_base64sha512": "WD7rAP5HIEOFQkyT6PZyLEbxV8ilhR6tPSYJUyyxrSWONqt7Pq17uXuxmjPtcfo29i3fszTOwkQqHeU7mJ5gbw==",
            "output_file_mode": null,
            "output_md5": "5ce93b8c522a4a094ded20531682923c",
            "output_path": "modules/cost_report_lambda/aws-cost-report.zip",
            "output_sha": "7425389fef60f4a9e08b5b5a450199d766c45693",
            "output_sha256": "67b911643bcba230a5fa00daf10ee3836927ebbd0da8474909d4146ca7fcf6c0",
            "output_sha512": "583eeb00fe47204385424c93e8f6722c46f157c8a5851ead3d2609532cb1ad258e36ab7b3ead7bb97bb19a33ed71fa36f62ddfb334cec2442a1de53b989e606f",
            "output_size": 1754,
            "source": [],
            "source_content": null,
            "source_content_filename": null,
            "source_dir": null,
            "source_file": "./../cost_report.py",
            "type": "zip"
          },
          "sensitive_attributes": []
        }
      ]
    },
    {
      "module": "module.cost_report_lambda",
      "mode": "data",
      "type": "aws_iam_policy_document",
      "name": "lambda_assume_role",
      "provider": "provider[\"registry.terraform.io/hashicorp/aws\"]",
      "instances": [
        {
          "schema_version": 0,
          "attributes": {
            "id": "2690255455",
            "json": "{\n  \"Version\": \"2012-10-17\",\n  \"Statement\": [\n    {\n      \"Effect\": \"Allow\",\n      \"Action\": \"sts:AssumeRole\",\n      \"Principal\": {\n        \"Service\": \"lambda.amazonaws.com\"\n      }\n    }\n  ]\n}",
            "minified_json": "{\"Version\":\"2012-10-17\",\"Statement\":[{\"Effect\":\"Allow\",\"Action\":\"sts:AssumeRole\",\"Principal\":{\"Service\":\"lambda.amazonaws.com\"}}]}",
            "override_json": null,
            "override_policy_documents": null,
            "policy_id": null,
            "source_json": null,
            "source_policy_documents": null,
            "statement": [
              {
                "actions": [
                  "sts:AssumeRole"
                ],
                "condition": [],
                "effect": "Allow",
                "not_actions": [],
                "not_principals": [],
                "not_resources": [],
                "principals": [
                  {
                    "identifiers": [
                      "lambda.amazonaws.com"
                    ],
                    "type": "Service"
                  }
                ],
                "resources": [],
                "sid": ""
              }
            ],
            "version": "2012-10-17"
          },
          "sensitive_attributes": []
        }
      ]
    },
    {
      "module": "module.cost_report_lambda",
      "mode": "data",
      "type": "aws_iam_policy_document",
      "name": "lambda_inline_policy",
      "provider": "provider[\"registry.terraform.io/hashicorp/aws\"]",
      "instances": [
        {
          "schema_version": 0,
          "attributes": {
            "id": "2623199783",
            "json": "{\n  \"Version\": \"2012-10-17\",\n  \"Statement\": [\n    {\n      \"Effect\": \"Allow\",\n      \"Action\": [\n        \"ce:GetDimensionValues\",\n        \"ce:GetCostAndUsage\"\n      ],\n      \"Resource\": \"*\"\n    },\n    {\n      \"Effect\": \"Allow\",\n      \"Action\": \"sns:Publish\",\n      \"Resource\": \"arn:aws:sns:eu-central-1:432180781943:aws-cost-report-topic\"\n    }\n  ]\n}",
            "minified_json": "{\"Version\":\"2012-10-17\",\"Statement\":[{\"Effect\":\"Allow\",\"Action\":[\"ce:GetDimensionValues\",\"ce:GetCostAndUsage\"],\"Resource\":\"*\"},{\"Effect\":\"Allow\",\"Action\":\"sns:Publish\",\"Resource\":\"arn:aws:sns:eu-central-1:432180781943:aws-cost-report-topic\"}]}",
            "override_json": null,
            "override_policy_documents": null,
            "policy_id": null,
            "source_json": null,
            "source_policy_documents": null,
            "statement": [
              {
                "actions": [
                  "ce:GetCostAndUsage",
                  "ce:GetDimensionValues"
                ],
                "condition": [],
                "effect": "Allow",
                "not_actions": [],
                "not_principals": [],
                "not_resources": [],
                "principals": [],
                "resources": [
                  "*"
                ],
                "sid": ""
              },
              {
                "actions": [
                  "sns:Publish"
                ],
                "condition": [],
                "effect": "Allow",
                "not_actions": [],
                "not_principals": [],
                "not_resources": [],
                "principals": [],
                "resources": [
                  "arn:aws:sns:eu-central-1:432180781943:aws-cost-report-topic"
                ],
                "sid": ""
              }
            ],
            "version": "2012-10-17"
          },
          "sensitive_attributes": []
        }
      ]
    },
    {
      "module": "module.cost_report_lambda",
      "mode": "managed",
      "type": "aws_cloudwatch_event_rule",
      "name": "daily_schedule",
      "provider": "provider[\"registry.terraform.io/hashicorp/aws\"]",
      "instances": [
        {
          "schema_version": 1,
          "attributes": {
            "arn": "arn:aws:events:eu-central-1:432180781943:rule/aws-cost-report-daily-10utc",
            "description": "Runs the AWS cost report Lambda every day at 10:00 UTC",
            "event_bus_name": "default",
            "event_pattern": null,
            "force_destroy": false,
            "id": "aws-cost-report-daily-10utc",
            "is_enabled": true,
            "name": "aws-cost-report-daily-10utc",
            "name_prefix": "",
            "role_arn": "",
            "schedule_expression": "cron(0 21 ? * SUN *)",
            "state": "ENABLED",
            "tags": {
              "ManagedBy": "Terraform",
              "Project": "aws-cost-report"
            },
            "tags_all": {
              "ManagedBy": "Terraform",
              "Project": "aws-cost-report"
            }
          },
          "sensitive_attributes": [],
          "private": "eyJzY2hlbWFfdmVyc2lvbiI6IjEifQ=="
        }
      ]
    },
    {
      "module": "module.cost_report_lambda",
      "mode": "managed",
      "type": "aws_cloudwatch_event_target",
      "name": "lambda_target",
      "provider": "provider[\"registry.terraform.io/hashicorp/aws\"]",
      "instances": [
        {
          "schema_version": 1,
          "attributes": {
            "appsync_target": [],
            "arn": "arn:aws:lambda:eu-central-1:432180781943:function:aws-cost-report",
            "batch_target": [],
            "dead_letter_config": [],
            "ecs_target": [],
            "event_bus_name": "default",
            "force_destroy": false,
            "http_target": [],
            "id": "aws-cost-report-daily-10utc-cost-report-lambda",
            "input": "",
            "input_path": "",
            "input_transformer": [],
            "kinesis_target": [],
            "redshift_target": [],
            "retry_policy": [],
            "role_arn": "",
            "rule": "aws-cost-report-daily-10utc",
            "run_command_targets": [],
            "sagemaker_pipeline_target": [],
            "sqs_target": [],
            "target_id": "cost-report-lambda"
          },
          "sensitive_attributes": [],
          "private": "eyJzY2hlbWFfdmVyc2lvbiI6IjEifQ==",
          "dependencies": [
            "module.cost_report_lambda.aws_cloudwatch_event_rule.daily_schedule",
            "module.cost_report_lambda.aws_cloudwatch_log_group.lambda_logs",
            "module.cost_report_lambda.aws_iam_role.lambda_role",
            "module.cost_report_lambda.aws_iam_role_policy.lambda_policy",
            "module.cost_report_lambda.aws_iam_role_policy_attachment.basic_execution",
            "module.cost_report_lambda.aws_lambda_function.cost_report",
            "module.cost_report_lambda.aws_sns_topic.report_topic",
            "module.cost_report_lambda.data.archive_file.lambda_zip",
            "module.cost_report_lambda.data.aws_iam_policy_document.lambda_assume_role",
            "module.cost_report_lambda.data.aws_iam_policy_document.lambda_inline_policy"
          ]
        }
      ]
    },
    {
      "module": "module.cost_report_lambda",
      "mode": "managed",
      "type": "aws_cloudwatch_log_group",
      "name": "lambda_logs",
      "provider": "provider[\"registry.terraform.io/hashicorp/aws\"]",
      "instances": [
        {
          "schema_version": 0,
          "attributes": {
            "arn": "arn:aws:logs:eu-central-1:432180781943:log-group:/aws/lambda/aws-cost-report",
            "id": "/aws/lambda/aws-cost-report",
            "kms_key_id": "",
            "log_group_class": "STANDARD",
            "name": "/aws/lambda/aws-cost-report",
            "name_prefix": "",
            "retention_in_days": 14,
            "skip_destroy": false,
            "tags": {
              "ManagedBy": "Terraform",
              "Project": "aws-cost-report"
            },
            "tags_all": {
              "ManagedBy": "Terraform",
              "Project": "aws-cost-report"
            }
          },
          "sensitive_attributes": [],
          "private": "bnVsbA=="
        }
      ]
    },
    {
      "module": "module.cost_report_lambda",
      "mode": "managed",
      "type": "aws_iam_role",
      "name": "lambda_role",
      "provider": "provider[\"registry.terraform.io/hashicorp/aws\"]",
      "instances": [
        {
          "schema_version": 0,
          "attributes": {
            "arn": "arn:aws:iam::432180781943:role/aws-cost-report-role",
            "assume_role_policy": "{\"Statement\":[{\"Action\":\"sts:AssumeRole\",\"Effect\":\"Allow\",\"Principal\":{\"Service\":\"lambda.amazonaws.com\"}}],\"Version\":\"2012-10-17\"}",
            "create_date": "2026-04-14T12:18:16Z",
            "description": "",
            "force_detach_policies": false,
            "id": "aws-cost-report-role",
            "inline_policy": [
              {
                "name": "aws-cost-report-policy",
                "policy": "{\"Version\":\"2012-10-17\",\"Statement\":[{\"Action\":[\"ce:GetDimensionValues\",\"ce:GetCostAndUsage\"],\"Effect\":\"Allow\",\"Resource\":\"*\"},{\"Action\":\"sns:Publish\",\"Effect\":\"Allow\",\"Resource\":\"arn:aws:sns:eu-central-1:432180781943:aws-cost-report-topic\"}]}"
              }
            ],
            "managed_policy_arns": [
              "arn:aws:iam::aws:policy/service-role/AWSLambdaBasicExecutionRole"
            ],
            "max_session_duration": 3600,
            "name": "aws-cost-report-role",
            "name_prefix": "",
            "path": "/",
            "permissions_boundary": "",
            "tags": {
              "ManagedBy": "Terraform",
              "Project": "aws-cost-report"
            },
            "tags_all": {
              "ManagedBy": "Terraform",
              "Project": "aws-cost-report"
            },
            "unique_id": "AROAWJH73MN3TQCPMQKWT"
          },
          "sensitive_attributes": [],
          "private": "bnVsbA==",
          "dependencies": [
            "module.cost_report_lambda.data.aws_iam_policy_document.lambda_assume_role"
          ]
        }
      ]
    },
    {
      "module": "module.cost_report_lambda",
      "mode": "managed",
      "type": "aws_iam_role_policy",
      "name": "lambda_policy",
      "provider": "provider[\"registry.terraform.io/hashicorp/aws\"]",
      "instances": [
        {
          "schema_version": 0,
          "attributes": {
            "id": "aws-cost-report-role:aws-cost-report-policy",
            "name": "aws-cost-report-policy",
            "name_prefix": "",
            "policy": "{\"Version\":\"2012-10-17\",\"Statement\":[{\"Action\":[\"ce:GetDimensionValues\",\"ce:GetCostAndUsage\"],\"Effect\":\"Allow\",\"Resource\":\"*\"},{\"Action\":\"sns:Publish\",\"Effect\":\"Allow\",\"Resource\":\"arn:aws:sns:eu-central-1:432180781943:aws-cost-report-topic\"}]}",
            "role": "aws-cost-report-role"
          },
          "sensitive_attributes": [],
          "private": "bnVsbA==",
          "dependencies": [
            "module.cost_report_lambda.aws_iam_role.lambda_role",
            "module.cost_report_lambda.aws_sns_topic.report_topic",
            "module.cost_report_lambda.data.aws_iam_policy_document.lambda_assume_role",
            "module.cost_report_lambda.data.aws_iam_policy_document.lambda_inline_policy"
          ]
        }
      ]
    },
    {
      "module": "module.cost_report_lambda",
      "mode": "managed",
      "type": "aws_iam_role_policy_attachment",
      "name": "basic_execution",
      "provider": "provider[\"registry.terraform.io/hashicorp/aws\"]",
      "instances": [
        {
          "schema_version": 0,
          "attributes": {
            "id": "aws-cost-report-role-20260414121816735500000001",
            "policy_arn": "arn:aws:iam::aws:policy/service-role/AWSLambdaBasicExecutionRole",
            "role": "aws-cost-report-role"
          },
          "sensitive_attributes": [],
          "private": "bnVsbA==",
          "dependencies": [
            "module.cost_report_lambda.aws_iam_role.lambda_role",
            "module.cost_report_lambda.data.aws_iam_policy_document.lambda_assume_role"
          ]
        }
      ]
    },
    {
      "module": "module.cost_report_lambda",
      "mode": "managed",
      "type": "aws_lambda_function",
      "name": "cost_report",
      "provider": "provider[\"registry.terraform.io/hashicorp/aws\"]",
      "instances": [
        {
          "schema_version": 0,
          "attributes": {
            "architectures": [
              "x86_64"
            ],
            "arn": "arn:aws:lambda:eu-central-1:432180781943:function:aws-cost-report",
            "code_sha256": "Z7kRZDvLojCl+gDa8Q7jg2kn670NqEdJCdQUbKf89sA=",
            "code_signing_config_arn": "",
            "dead_letter_config": [],
            "description": "Daily AWS cost report emailed through SNS",
            "environment": [
              {
                "variables": {
                  "AWS_COST_REGION": "eu-central-1",
                  "REPORT_DAYS": "7",
                  "REPORT_EMAIL": "grendach@gmail.com",
                  "REPORT_GRANULARITY": "MONTHLY",
                  "REPORT_GROUP": "service",
                  "REPORT_TOP": "10",
                  "SNS_TOPIC_ARN": "arn:aws:sns:eu-central-1:432180781943:aws-cost-report-topic"
                }
              }
            ],
            "ephemeral_storage": [
              {
                "size": 512
              }
            ],
            "file_system_config": [],
            "filename": "modules/cost_report_lambda/aws-cost-report.zip",
            "function_name": "aws-cost-report",
            "handler": "cost_report.lambda_handler",
            "id": "aws-cost-report",
            "image_config": [],
            "image_uri": "",
            "invoke_arn": "arn:aws:apigateway:eu-central-1:lambda:path/2015-03-31/functions/arn:aws:lambda:eu-central-1:432180781943:function:aws-cost-report/invocations",
            "kms_key_arn": "",
            "last_modified": "2026-04-14T12:35:09.000+0000",
            "layers": [],
            "logging_config": [
              {
                "application_log_level": "",
                "log_format": "Text",
                "log_group": "/aws/lambda/aws-cost-report",
                "system_log_level": ""
              }
            ],
            "memory_size": 256,
            "package_type": "Zip",
            "publish": false,
            "qualified_arn": "arn:aws:lambda:eu-central-1:432180781943:function:aws-cost-report:$LATEST",
            "qualified_invoke_arn": "arn:aws:apigateway:eu-central-1:lambda:path/2015-03-31/functions/arn:aws:lambda:eu-central-1:432180781943:function:aws-cost-report:$LATEST/invocations",
            "replace_security_groups_on_destroy": null,
            "replacement_security_group_ids": null,
            "reserved_concurrent_executions": -1,
            "role": "arn:aws:iam::432180781943:role/aws-cost-report-role",
            "runtime": "python3.12",
            "s3_bucket": null,
            "s3_key": null,
            "s3_object_version": null,
            "signing_job_arn": "",
            "signing_profile_version_arn": "",
            "skip_destroy": false,
            "snap_start": [],
            "source_code_hash": "Z7kRZDvLojCl+gDa8Q7jg2kn670NqEdJCdQUbKf89sA=",
            "source_code_size": 1754,
            "tags": {
              "ManagedBy": "Terraform",
              "Project": "aws-cost-report"
            },
            "tags_all": {
              "ManagedBy": "Terraform",
              "Project": "aws-cost-report"
            },
            "timeout": 60,
            "timeouts": null,
            "tracing_config": [
              {
                "mode": "PassThrough"
              }
            ],
            "version": "$LATEST",
            "vpc_config": []
          },
          "sensitive_attributes": [],
          "private": "eyJlMmJmYjczMC1lY2FhLTExZTYtOGY4OC0zNDM2M2JjN2M0YzAiOnsiY3JlYXRlIjo2MDAwMDAwMDAwMDAsImRlbGV0ZSI6NjAwMDAwMDAwMDAwLCJ1cGRhdGUiOjYwMDAwMDAwMDAwMH19",
          "dependencies": [
            "module.cost_report_lambda.aws_cloudwatch_log_group.lambda_logs",
            "module.cost_report_lambda.aws_iam_role.lambda_role",
            "module.cost_report_lambda.aws_iam_role_policy.lambda_policy",
            "module.cost_report_lambda.aws_iam_role_policy_attachment.basic_execution",
            "module.cost_report_lambda.aws_sns_topic.report_topic",
            "module.cost_report_lambda.data.archive_file.lambda_zip",
            "module.cost_report_lambda.data.aws_iam_policy_document.lambda_assume_role",
            "module.cost_report_lambda.data.aws_iam_policy_document.lambda_inline_policy"
          ]
        }
      ]
    },
    {
      "module": "module.cost_report_lambda",
      "mode": "managed",
      "type": "aws_lambda_permission",
      "name": "allow_eventbridge",
      "provider": "provider[\"registry.terraform.io/hashicorp/aws\"]",
      "instances": [
        {
          "schema_version": 0,
          "attributes": {
            "action": "lambda:InvokeFunction",
            "event_source_token": null,
            "function_name": "aws-cost-report",
            "function_url_auth_type": null,
            "id": "AllowExecutionFromEventBridge",
            "principal": "events.amazonaws.com",
            "principal_org_id": null,
            "qualifier": "",
            "source_account": null,
            "source_arn": "arn:aws:events:eu-central-1:432180781943:rule/aws-cost-report-daily-10utc",
            "statement_id": "AllowExecutionFromEventBridge",
            "statement_id_prefix": ""
          },
          "sensitive_attributes": [],
          "private": "bnVsbA==",
          "dependencies": [
            "module.cost_report_lambda.aws_cloudwatch_event_rule.daily_schedule",
            "module.cost_report_lambda.aws_cloudwatch_log_group.lambda_logs",
            "module.cost_report_lambda.aws_iam_role.lambda_role",
            "module.cost_report_lambda.aws_iam_role_policy.lambda_policy",
            "module.cost_report_lambda.aws_iam_role_policy_attachment.basic_execution",
            "module.cost_report_lambda.aws_lambda_function.cost_report",
            "module.cost_report_lambda.aws_sns_topic.report_topic",
            "module.cost_report_lambda.data.archive_file.lambda_zip",
            "module.cost_report_lambda.data.aws_iam_policy_document.lambda_assume_role",
            "module.cost_report_lambda.data.aws_iam_policy_document.lambda_inline_policy"
          ]
        }
      ]
    },
    {
      "module": "module.cost_report_lambda",
      "mode": "managed",
      "type": "aws_sns_topic",
      "name": "report_topic",
      "provider": "provider[\"registry.terraform.io/hashicorp/aws\"]",
      "instances": [
        {
          "schema_version": 0,
          "attributes": {
            "application_failure_feedback_role_arn": "",
            "application_success_feedback_role_arn": "",
            "application_success_feedback_sample_rate": 0,
            "archive_policy": "",
            "arn": "arn:aws:sns:eu-central-1:432180781943:aws-cost-report-topic",
            "beginning_archive_time": "",
            "content_based_deduplication": false,
            "delivery_policy": "",
            "display_name": "",
            "fifo_throughput_scope": "",
            "fifo_topic": false,
            "firehose_failure_feedback_role_arn": "",
            "firehose_success_feedback_role_arn": "",
            "firehose_success_feedback_sample_rate": 0,
            "http_failure_feedback_role_arn": "",
            "http_success_feedback_role_arn": "",
            "http_success_feedback_sample_rate": 0,
            "id": "arn:aws:sns:eu-central-1:432180781943:aws-cost-report-topic",
            "kms_master_key_id": "",
            "lambda_failure_feedback_role_arn": "",
            "lambda_success_feedback_role_arn": "",
            "lambda_success_feedback_sample_rate": 0,
            "name": "aws-cost-report-topic",
            "name_prefix": "",
            "owner": "432180781943",
            "policy": "{\"Id\":\"__default_policy_ID\",\"Statement\":[{\"Action\":[\"SNS:GetTopicAttributes\",\"SNS:SetTopicAttributes\",\"SNS:AddPermission\",\"SNS:RemovePermission\",\"SNS:DeleteTopic\",\"SNS:Subscribe\",\"SNS:ListSubscriptionsByTopic\",\"SNS:Publish\"],\"Condition\":{\"StringEquals\":{\"AWS:SourceOwner\":\"432180781943\"}},\"Effect\":\"Allow\",\"Principal\":{\"AWS\":\"*\"},\"Resource\":\"arn:aws:sns:eu-central-1:432180781943:aws-cost-report-topic\",\"Sid\":\"__default_statement_ID\"}],\"Version\":\"2008-10-17\"}",
            "signature_version": 0,
            "sqs_failure_feedback_role_arn": "",
            "sqs_success_feedback_role_arn": "",
            "sqs_success_feedback_sample_rate": 0,
            "tags": {
              "ManagedBy": "Terraform",
              "Project": "aws-cost-report"
            },
            "tags_all": {
              "ManagedBy": "Terraform",
              "Project": "aws-cost-report"
            },
            "tracing_config": ""
          },
          "sensitive_attributes": [],
          "private": "bnVsbA=="
        }
      ]
    },
    {
      "module": "module.cost_report_lambda",
      "mode": "managed",
      "type": "aws_sns_topic_subscription",
      "name": "email_subscription",
      "provider": "provider[\"registry.terraform.io/hashicorp/aws\"]",
      "instances": [
        {
          "schema_version": 0,
          "attributes": {
            "arn": "arn:aws:sns:eu-central-1:432180781943:aws-cost-report-topic:3c6c66a5-1daf-4964-90c1-0a260b85e822",
            "confirmation_timeout_in_minutes": 1,
            "confirmation_was_authenticated": false,
            "delivery_policy": "",
            "endpoint": "grendach@gmail.com",
            "endpoint_auto_confirms": false,
            "filter_policy": "",
            "filter_policy_scope": "",
            "id": "arn:aws:sns:eu-central-1:432180781943:aws-cost-report-topic:3c6c66a5-1daf-4964-90c1-0a260b85e822",
            "owner_id": "432180781943",
            "pending_confirmation": false,
            "protocol": "email",
            "raw_message_delivery": false,
            "redrive_policy": "",
            "replay_policy": "",
            "subscription_role_arn": "",
            "topic_arn": "arn:aws:sns:eu-central-1:432180781943:aws-cost-report-topic"
          },
          "sensitive_attributes": [],
          "private": "bnVsbA==",
          "dependencies": [
            "module.cost_report_lambda.aws_sns_topic.report_topic"
          ]
        }
      ]
    }
  ],
  "check_results": []
}
